
Microsoft Visual Studio Solution File, Format Version 12.00
# Visual Studio 15
VisualStudioVersion = 15.0.28307.421
MinimumVisualStudioVersion = 10.0.40219.1
Project("{FAE04EC0-301F-11D3-BF4B-00C04F79EFBC}") = "gardener.Android", "gardener.Android\gardener.Android.csproj", "{24CE3C36-16B9-426D-AA0C-5961ECF8D88C}"
EndProject
Project("{FAE04EC0-301F-11D3-BF4B-00C04F79EFBC}") = "gardener.iOS", "gardener.iOS\gardener.iOS.csproj", "{3C223EFA-05F9-416F-AD98-5CA6C0792258}"
EndProject
Project("{FAE04EC0-301F-11D3-BF4B-00C04F79EFBC}") = "gardener", "gardener\gardener.csproj", "{44461089-8EBB-44CA-8D8F-2A1B848A9B64}"
EndProject
Global
	GlobalSection(SolutionConfigurationPlatforms) = preSolution
		Debug|Any CPU = Debug|Any CPU
		Debug|iPhone = Debug|iPhone
		Debug|iPhoneSimulator = Debug|iPhoneSimulator
		Release|Any CPU = Release|Any CPU
		Release|iPhone = Release|iPhone
		Release|iPhoneSimulator = Release|iPhoneSimulator
	EndGlobalSection
	GlobalSection(ProjectConfigurationPlatforms) = postSolution
		{24CE3C36-16B9-426D-AA0C-5961ECF8D88C}.Debug|Any CPU.ActiveCfg = Debug|Any CPU
		{24CE3C36-16B9-426D-AA0C-5961ECF8D88C}.Debug|Any CPU.Build.0 = Debug|Any CPU
		{24CE3C36-16B9-426D-AA0C-5961ECF8D88C}.Debug|Any CPU.Deploy.0 = Debug|Any CPU
		{24CE3C36-16B9-426D-AA0C-5961ECF8D88C}.Debug|iPhone.ActiveCfg = Debug|Any CPU
		{24CE3C36-16B9-426D-AA0C-5961ECF8D88C}.Debug|iPhone.Build.0 = Debug|Any CPU
		{24CE3C36-16B9-426D-AA0C-5961ECF8D88C}.Debug|iPhone.Deploy.0 = Debug|Any CPU
		{24CE3C36-16B9-426D-AA0C-5961ECF8D88C}.Debug|iPhoneSimulator.ActiveCfg = Debug|Any CPU
		{24CE3C36-16B9-426D-AA0C-5961ECF8D88C}.Debug|iPhoneSimulator.Build.0 = Debug|Any CPU
		{24CE3C36-16B9-426D-AA0C-5961ECF8D88C}.Debug|iPhoneSimulator.Deploy.0 = Debug|Any CPU
		{24CE3C36-16B9-426D-AA0C-5961ECF8D88C}.Release|Any CPU.ActiveCfg = Release|Any CPU
		{24CE3C36-16B9-426D-AA0C-5961ECF8D88C}.Release|Any CPU.Build.0 = Release|Any CPU
		{24CE3C36-16B9-426D-AA0C-5961ECF8D88C}.Release|Any CPU.Deploy.0 = Release|Any CPU
		{24CE3C36-16B9-426D-AA0C-5961ECF8D88C}.Release|iPhone.ActiveCfg = Release|Any CPU
		{24CE3C36-16B9-426D-AA0C-5961ECF8D88C}.Release|iPhone.Build.0 = Release|Any CPU
		{24CE3C36-16B9-426D-AA0C-5961ECF8D88C}.Release|iPhone.Deploy.0 = Release|Any CPU
		{24CE3C36-16B9-426D-AA0C-5961ECF8D88C}.Release|iPhoneSimulator.ActiveCfg = Release|Any CPU
		{24CE3C36-16B9-426D-AA0C-5961ECF8D88C}.Release|iPhoneSimulator.Build.0 = Release|Any CPU
		{24CE3C36-16B9-426D-AA0C-5961ECF8D88C}.Release|iPhoneSimulator.Deploy.0 = Release|Any CPU
		{3C223EFA-05F9-416F-AD98-5CA6C0792258}.Debug|Any CPU.ActiveCfg = Debug|iPhoneSimulator
		{3C223EFA-05F9-416F-AD98-5CA6C0792258}.Debug|Any CPU.Build.0 = Debug|iPhoneSimulator
		{3C223EFA-05F9-416F-AD98-5CA6C0792258}.Debug|Any CPU.Deploy.0 = Debug|iPhoneSimulator
		{3C223EFA-05F9-416F-AD98-5CA6C0792258}.Debug|iPhone.ActiveCfg = Debug|iPhone
		{3C223EFA-05F9-416F-AD98-5CA6C0792258}.Debug|iPhone.Build.0 = Debug|iPhone
		{3C223EFA-05F9-416F-AD98-5CA6C0792258}.Debug|iPhone.Deploy.0 = Debug|iPhone
		{3C223EFA-05F9-416F-AD98-5CA6C0792258}.Debug|iPhoneSimulator.ActiveCfg = Debug|iPhoneSimulator
		{3C223EFA-05F9-416F-AD98-5CA6C0792258}.Debug|iPhoneSimulator.Build.0 = Debug|iPhoneSimulator
		{3C223EFA-05F9-416F-AD98-5CA6C0792258}.Debug|iPhoneSimulator.Deploy.0 = Debug|iPhoneSimulator
		{3C223EFA-05F9-416F-AD98-5CA6C0792258}.Release|Any CPU.ActiveCfg = Release|iPhone
		{3C223EFA-05F9-416F-AD98-5CA6C0792258}.Release|Any CPU.Build.0 = Release|iPhone
		{3C223EFA-05F9-416F-AD98-5CA6C0792258}.Release|Any CPU.Deploy.0 = Release|iPhone
		{3C223EFA-05F9-416F-AD98-5CA6C0792258}.Release|iPhone.ActiveCfg = Release|iPhone
		{3C223EFA-05F9-416F-AD98-5CA6C0792258}.Release|iPhone.Build.0 = Release|iPhone
		{3C223EFA-05F9-416F-AD98-5CA6C0792258}.Release|iPhone.Deploy.0 = Release|iPhone
		{3C223EFA-05F9-416F-AD98-5CA6C0792258}.Release|iPhoneSimulator.ActiveCfg = Release|iPhoneSimulator
		{3C223EFA-05F9-416F-AD98-5CA6C0792258}.Release|iPhoneSimulator.Build.0 = Release|iPhoneSimulator
		{3C223EFA-05F9-416F-AD98-5CA6C0792258}.Release|iPhoneSimulator.Deploy.0 = Release|iPhoneSimulator
		{44461089-8EBB-44CA-8D8F-2A1B848A9B64}.Debug|Any CPU.ActiveCfg = Debug|Any CPU
		{44461089-8EBB-44CA-8D8F-2A1B848A9B64}.Debug|Any CPU.Build.0 = Debug|Any CPU
		{44461089-8EBB-44CA-8D8F-2A1B848A9B64}.Debug|Any CPU.Deploy.0 = Debug|Any CPU
		{44461089-8EBB-44CA-8D8F-2A1B848A9B64}.Debug|iPhone.ActiveCfg = Debug|Any CPU
		{44461089-8EBB-44CA-8D8F-2A1B848A9B64}.Debug|iPhone.Build.0 = Debug|Any CPU
		{44461089-8EBB-44CA-8D8F-2A1B848A9B64}.Debug|iPhone.Deploy.0 = Debug|Any CPU
		{44461089-8EBB-44CA-8D8F-2A1B848A9B64}.Debug|iPhoneSimulator.ActiveCfg = Debug|Any CPU
		{44461089-8EBB-44CA-8D8F-2A1B848A9B64}.Debug|iPhoneSimulator.Build.0 = Debug|Any CPU
		{44461089-8EBB-44CA-8D8F-2A1B848A9B64}.Debug|iPhoneSimulator.Deploy.0 = Debug|Any CPU
		{44461089-8EBB-44CA-8D8F-2A1B848A9B64}.Release|Any CPU.ActiveCfg = Release|Any CPU
		{44461089-8EBB-44CA-8D8F-2A1B848A9B64}.Release|Any CPU.Build.0 = Release|Any CPU
		{44461089-8EBB-44CA-8D8F-2A1B848A9B64}.Release|Any CPU.Deploy.0 = Release|Any CPU
		{44461089-8EBB-44CA-8D8F-2A1B848A9B64}.Release|iPhone.ActiveCfg = Release|Any CPU
		{44461089-8EBB-44CA-8D8F-2A1B848A9B64}.Release|iPhone.Build.0 = Release|Any CPU
		{44461089-8EBB-44CA-8D8F-2A1B848A9B64}.Release|iPhone.Deploy.0 = Release|Any CPU
		{44461089-8EBB-44CA-8D8F-2A1B848A9B64}.Release|iPhoneSimulator.ActiveCfg = Release|Any CPU
		{44461089-8EBB-44CA-8D8F-2A1B848A9B64}.Release|iPhoneSimulator.Build.0 = Release|Any CPU
		{44461089-8EBB-44CA-8D8F-2A1B848A9B64}.Release|iPhoneSimulator.Deploy.0 = Release|Any CPU
	EndGlobalSection
	GlobalSection(SolutionProperties) = preSolution
		HideSolutionNode = FALSE
	EndGlobalSection
	GlobalSection(ExtensibilityGlobals) = postSolution
		SolutionGuid = {490C6177-4F63-4711-BBA2-0EAD25AAABCA}
	EndGlobalSection
EndGlobal
